
Microsoft Visual Studio Solution File, Format Version 12.00
# Visual Studio Version 16
VisualStudioVersion = 16.0.31321.278
MinimumVisualStudioVersion = 10.0.40219.1
Project("{FAE04EC0-301F-11D3-BF4B-00C04F79EFBC}") = "ProjetoAspUdemy", "ProjetoAspUdemy\ProjetoAspUdemy.csproj", "{742BE5A9-F6DE-4CC8-82AB-2C2AF92996FB}"
EndProject
Global
	GlobalSection(SolutionConfigurationPlatforms) = preSolution
		Debug|Any CPU = Debug|Any CPU
		Release|Any CPU = Release|Any CPU
	EndGlobalSection
	GlobalSection(ProjectConfigurationPlatforms) = postSolution
		{742BE5A9-F6DE-4CC8-82AB-2C2AF92996FB}.Debug|Any CPU.ActiveCfg = Debug|Any CPU
		{742BE5A9-F6DE-4CC8-82AB-2C2AF92996FB}.Debug|Any CPU.Build.0 = Debug|Any CPU
		{742BE5A9-F6DE-4CC8-82AB-2C2AF92996FB}.Release|Any CPU.ActiveCfg = Release|Any CPU
		{742BE5A9-F6DE-4CC8-82AB-2C2AF92996FB}.Release|Any CPU.Build.0 = Release|Any CPU
	EndGlobalSection
	GlobalSection(SolutionProperties) = preSolution
		HideSolutionNode = FALSE
	EndGlobalSection
	GlobalSection(ExtensibilityGlobals) = postSolution
		SolutionGuid = {A5B04F27-5368-488B-9B98-A463F52B2ED7}
	EndGlobalSection
EndGlobal
